
Microsoft Visual Studio Solution File, Format Version 12.00
# Visual Studio Version 17
VisualStudioVersion = 17.12.35527.113
MinimumVisualStudioVersion = 10.0.40219.1
Project("{8BC9CEB8-8B4A-11D0-8D11-00A0C91BC942}") = "microdraw", "microdraw.vcxproj", "{5F0CE9B8-75F8-4D7C-888C-B503F736AC04}"
EndProject
Project("{8BC9CEB8-8B4A-11D0-8D11-00A0C91BC942}") = "SDL3", "sdl3\VisualC\SDL\SDL.vcxproj", "{81CE8DAF-EBB2-4761-8E45-B71ABCCA8C68}"
EndProject
Global
	GlobalSection(SolutionConfigurationPlatforms) = preSolution
		Debug Screen1|x64 = Debug Screen1|x64
		Debug Screen1|x86 = Debug Screen1|x86
		Release|x64 = Release|x64
		Release|x86 = Release|x86
		Watch Casio|x64 = Watch Casio|x64
		Watch Casio|x86 = Watch Casio|x86
	EndGlobalSection
	GlobalSection(ProjectConfigurationPlatforms) = postSolution
		{5F0CE9B8-75F8-4D7C-888C-B503F736AC04}.Debug Screen1|x64.ActiveCfg = Debug|x64
		{5F0CE9B8-75F8-4D7C-888C-B503F736AC04}.Debug Screen1|x64.Build.0 = Debug|x64
		{5F0CE9B8-75F8-4D7C-888C-B503F736AC04}.Debug Screen1|x86.ActiveCfg = Debug|Win32
		{5F0CE9B8-75F8-4D7C-888C-B503F736AC04}.Debug Screen1|x86.Build.0 = Debug|Win32
		{5F0CE9B8-75F8-4D7C-888C-B503F736AC04}.Release|x64.ActiveCfg = Release|x64
		{5F0CE9B8-75F8-4D7C-888C-B503F736AC04}.Release|x64.Build.0 = Release|x64
		{5F0CE9B8-75F8-4D7C-888C-B503F736AC04}.Release|x86.ActiveCfg = Release|Win32
		{5F0CE9B8-75F8-4D7C-888C-B503F736AC04}.Release|x86.Build.0 = Release|Win32
		{5F0CE9B8-75F8-4D7C-888C-B503F736AC04}.Watch Casio|x64.ActiveCfg = Watch Casio|x64
		{5F0CE9B8-75F8-4D7C-888C-B503F736AC04}.Watch Casio|x64.Build.0 = Watch Casio|x64
		{5F0CE9B8-75F8-4D7C-888C-B503F736AC04}.Watch Casio|x86.ActiveCfg = Watch Casio|Win32
		{5F0CE9B8-75F8-4D7C-888C-B503F736AC04}.Watch Casio|x86.Build.0 = Watch Casio|Win32
		{81CE8DAF-EBB2-4761-8E45-B71ABCCA8C68}.Debug Screen1|x64.ActiveCfg = Debug|x64
		{81CE8DAF-EBB2-4761-8E45-B71ABCCA8C68}.Debug Screen1|x64.Build.0 = Debug|x64
		{81CE8DAF-EBB2-4761-8E45-B71ABCCA8C68}.Debug Screen1|x86.ActiveCfg = Debug|Win32
		{81CE8DAF-EBB2-4761-8E45-B71ABCCA8C68}.Debug Screen1|x86.Build.0 = Debug|Win32
		{81CE8DAF-EBB2-4761-8E45-B71ABCCA8C68}.Release|x64.ActiveCfg = Release|x64
		{81CE8DAF-EBB2-4761-8E45-B71ABCCA8C68}.Release|x64.Build.0 = Release|x64
		{81CE8DAF-EBB2-4761-8E45-B71ABCCA8C68}.Release|x86.ActiveCfg = Release|Win32
		{81CE8DAF-EBB2-4761-8E45-B71ABCCA8C68}.Release|x86.Build.0 = Release|Win32
		{81CE8DAF-EBB2-4761-8E45-B71ABCCA8C68}.Watch Casio|x64.ActiveCfg = Debug|x64
		{81CE8DAF-EBB2-4761-8E45-B71ABCCA8C68}.Watch Casio|x64.Build.0 = Debug|x64
		{81CE8DAF-EBB2-4761-8E45-B71ABCCA8C68}.Watch Casio|x86.ActiveCfg = Watch Casio|Win32
		{81CE8DAF-EBB2-4761-8E45-B71ABCCA8C68}.Watch Casio|x86.Build.0 = Watch Casio|Win32
	EndGlobalSection
	GlobalSection(SolutionProperties) = preSolution
		HideSolutionNode = FALSE
	EndGlobalSection
EndGlobal
