
Microsoft Visual Studio Solution File, Format Version 12.00
# Visual Studio Version 17
VisualStudioVersion = 17.12.35527.113
MinimumVisualStudioVersion = 10.0.40219.1
Project("{8BC9CEB8-8B4A-11D0-8D11-00A0C91BC942}") = "microdraw", "microdraw.vcxproj", "{5F0CE9B8-75F8-4D7C-888C-B503F736AC04}"
EndProject
Project("{8BC9CEB8-8B4A-11D0-8D11-00A0C91BC942}") = "SDL3", "sdl3\VisualC\SDL\SDL.vcxproj", "{81CE8DAF-EBB2-4761-8E45-B71ABCCA8C68}"
EndProject
Project("{8BC9CEB8-8B4A-11D0-8D11-00A0C91BC942}") = "TFT_eSPI", "TFT_eSPI\TFT_eSPI.vcxproj", "{15800509-ADCD-4318-86D1-FC6F76A30A5E}"
EndProject
Project("{8BC9CEB8-8B4A-11D0-8D11-00A0C91BC942}") = "apps", "apps\apps.vcxproj", "{D270CE38-E1B1-4146-B34F-64439D4D370E}"
EndProject
Global
	GlobalSection(SolutionConfigurationPlatforms) = preSolution
		Debug Casio SDL|x64 = Debug Casio SDL|x64
		Debug Casio SDL|x86 = Debug Casio SDL|x86
		Debug Casio TFT|x64 = Debug Casio TFT|x64
		Debug Casio TFT|x86 = Debug Casio TFT|x86
		Debug Screen1 SDL|x64 = Debug Screen1 SDL|x64
		Debug Screen1 SDL|x86 = Debug Screen1 SDL|x86
		Release|x64 = Release|x64
		Release|x86 = Release|x86
	EndGlobalSection
	GlobalSection(ProjectConfigurationPlatforms) = postSolution
		{5F0CE9B8-75F8-4D7C-888C-B503F736AC04}.Debug Casio SDL|x64.ActiveCfg = Debug SDL|x64
		{5F0CE9B8-75F8-4D7C-888C-B503F736AC04}.Debug Casio SDL|x64.Build.0 = Debug SDL|x64
		{5F0CE9B8-75F8-4D7C-888C-B503F736AC04}.Debug Casio SDL|x86.ActiveCfg = Debug TFT|Win32
		{5F0CE9B8-75F8-4D7C-888C-B503F736AC04}.Debug Casio SDL|x86.Build.0 = Debug TFT|Win32
		{5F0CE9B8-75F8-4D7C-888C-B503F736AC04}.Debug Casio TFT|x64.ActiveCfg = Debug TFT|x64
		{5F0CE9B8-75F8-4D7C-888C-B503F736AC04}.Debug Casio TFT|x64.Build.0 = Debug TFT|x64
		{5F0CE9B8-75F8-4D7C-888C-B503F736AC04}.Debug Casio TFT|x86.ActiveCfg = Debug TFT|Win32
		{5F0CE9B8-75F8-4D7C-888C-B503F736AC04}.Debug Casio TFT|x86.Build.0 = Debug TFT|Win32
		{5F0CE9B8-75F8-4D7C-888C-B503F736AC04}.Debug Screen1 SDL|x64.ActiveCfg = Debug SDL|x64
		{5F0CE9B8-75F8-4D7C-888C-B503F736AC04}.Debug Screen1 SDL|x64.Build.0 = Debug SDL|x64
		{5F0CE9B8-75F8-4D7C-888C-B503F736AC04}.Debug Screen1 SDL|x86.ActiveCfg = Debug SDL|Win32
		{5F0CE9B8-75F8-4D7C-888C-B503F736AC04}.Debug Screen1 SDL|x86.Build.0 = Debug SDL|Win32
		{5F0CE9B8-75F8-4D7C-888C-B503F736AC04}.Release|x64.ActiveCfg = Release|x64
		{5F0CE9B8-75F8-4D7C-888C-B503F736AC04}.Release|x64.Build.0 = Release|x64
		{5F0CE9B8-75F8-4D7C-888C-B503F736AC04}.Release|x86.ActiveCfg = Release|Win32
		{5F0CE9B8-75F8-4D7C-888C-B503F736AC04}.Release|x86.Build.0 = Release|Win32
		{81CE8DAF-EBB2-4761-8E45-B71ABCCA8C68}.Debug Casio SDL|x64.ActiveCfg = Debug|x64
		{81CE8DAF-EBB2-4761-8E45-B71ABCCA8C68}.Debug Casio SDL|x64.Build.0 = Debug|x64
		{81CE8DAF-EBB2-4761-8E45-B71ABCCA8C68}.Debug Casio SDL|x86.ActiveCfg = Debug|Win32
		{81CE8DAF-EBB2-4761-8E45-B71ABCCA8C68}.Debug Casio SDL|x86.Build.0 = Debug|Win32
		{81CE8DAF-EBB2-4761-8E45-B71ABCCA8C68}.Debug Casio TFT|x64.ActiveCfg = Debug|x64
		{81CE8DAF-EBB2-4761-8E45-B71ABCCA8C68}.Debug Casio TFT|x64.Build.0 = Debug|x64
		{81CE8DAF-EBB2-4761-8E45-B71ABCCA8C68}.Debug Casio TFT|x86.ActiveCfg = Debug|Win32
		{81CE8DAF-EBB2-4761-8E45-B71ABCCA8C68}.Debug Casio TFT|x86.Build.0 = Debug|Win32
		{81CE8DAF-EBB2-4761-8E45-B71ABCCA8C68}.Debug Screen1 SDL|x64.ActiveCfg = Debug|x64
		{81CE8DAF-EBB2-4761-8E45-B71ABCCA8C68}.Debug Screen1 SDL|x64.Build.0 = Debug|x64
		{81CE8DAF-EBB2-4761-8E45-B71ABCCA8C68}.Debug Screen1 SDL|x86.ActiveCfg = Debug|Win32
		{81CE8DAF-EBB2-4761-8E45-B71ABCCA8C68}.Debug Screen1 SDL|x86.Build.0 = Debug|Win32
		{81CE8DAF-EBB2-4761-8E45-B71ABCCA8C68}.Release|x64.ActiveCfg = Release|x64
		{81CE8DAF-EBB2-4761-8E45-B71ABCCA8C68}.Release|x64.Build.0 = Release|x64
		{81CE8DAF-EBB2-4761-8E45-B71ABCCA8C68}.Release|x86.ActiveCfg = Release|Win32
		{81CE8DAF-EBB2-4761-8E45-B71ABCCA8C68}.Release|x86.Build.0 = Release|Win32
		{15800509-ADCD-4318-86D1-FC6F76A30A5E}.Debug Casio SDL|x64.ActiveCfg = Debug|x64
		{15800509-ADCD-4318-86D1-FC6F76A30A5E}.Debug Casio SDL|x64.Build.0 = Debug|x64
		{15800509-ADCD-4318-86D1-FC6F76A30A5E}.Debug Casio SDL|x86.ActiveCfg = Debug|Win32
		{15800509-ADCD-4318-86D1-FC6F76A30A5E}.Debug Casio SDL|x86.Build.0 = Debug|Win32
		{15800509-ADCD-4318-86D1-FC6F76A30A5E}.Debug Casio TFT|x64.ActiveCfg = Debug|x64
		{15800509-ADCD-4318-86D1-FC6F76A30A5E}.Debug Casio TFT|x86.ActiveCfg = Debug|Win32
		{15800509-ADCD-4318-86D1-FC6F76A30A5E}.Debug Casio TFT|x86.Build.0 = Debug|Win32
		{15800509-ADCD-4318-86D1-FC6F76A30A5E}.Debug Screen1 SDL|x64.ActiveCfg = Debug|x64
		{15800509-ADCD-4318-86D1-FC6F76A30A5E}.Debug Screen1 SDL|x86.ActiveCfg = Debug|Win32
		{15800509-ADCD-4318-86D1-FC6F76A30A5E}.Debug Screen1 SDL|x86.Build.0 = Debug|Win32
		{15800509-ADCD-4318-86D1-FC6F76A30A5E}.Release|x64.ActiveCfg = Release|x64
		{15800509-ADCD-4318-86D1-FC6F76A30A5E}.Release|x64.Build.0 = Release|x64
		{15800509-ADCD-4318-86D1-FC6F76A30A5E}.Release|x86.ActiveCfg = Release|Win32
		{15800509-ADCD-4318-86D1-FC6F76A30A5E}.Release|x86.Build.0 = Release|Win32
		{D270CE38-E1B1-4146-B34F-64439D4D370E}.Debug Casio SDL|x64.ActiveCfg = Debug Casio|x64
		{D270CE38-E1B1-4146-B34F-64439D4D370E}.Debug Casio SDL|x64.Build.0 = Debug Casio|x64
		{D270CE38-E1B1-4146-B34F-64439D4D370E}.Debug Casio SDL|x86.ActiveCfg = Debug Casio|Win32
		{D270CE38-E1B1-4146-B34F-64439D4D370E}.Debug Casio SDL|x86.Build.0 = Debug Casio|Win32
		{D270CE38-E1B1-4146-B34F-64439D4D370E}.Debug Casio TFT|x64.ActiveCfg = Debug Casio|x64
		{D270CE38-E1B1-4146-B34F-64439D4D370E}.Debug Casio TFT|x64.Build.0 = Debug Casio|x64
		{D270CE38-E1B1-4146-B34F-64439D4D370E}.Debug Casio TFT|x86.ActiveCfg = Debug Screen 1|Win32
		{D270CE38-E1B1-4146-B34F-64439D4D370E}.Debug Casio TFT|x86.Build.0 = Debug Screen 1|Win32
		{D270CE38-E1B1-4146-B34F-64439D4D370E}.Debug Screen1 SDL|x64.ActiveCfg = Debug Screen 1|x64
		{D270CE38-E1B1-4146-B34F-64439D4D370E}.Debug Screen1 SDL|x64.Build.0 = Debug Screen 1|x64
		{D270CE38-E1B1-4146-B34F-64439D4D370E}.Debug Screen1 SDL|x86.ActiveCfg = Debug Screen 1|Win32
		{D270CE38-E1B1-4146-B34F-64439D4D370E}.Debug Screen1 SDL|x86.Build.0 = Debug Screen 1|Win32
		{D270CE38-E1B1-4146-B34F-64439D4D370E}.Release|x64.ActiveCfg = Release|x64
		{D270CE38-E1B1-4146-B34F-64439D4D370E}.Release|x64.Build.0 = Release|x64
		{D270CE38-E1B1-4146-B34F-64439D4D370E}.Release|x86.ActiveCfg = Release|Win32
		{D270CE38-E1B1-4146-B34F-64439D4D370E}.Release|x86.Build.0 = Release|Win32
	EndGlobalSection
	GlobalSection(SolutionProperties) = preSolution
		HideSolutionNode = FALSE
	EndGlobalSection
EndGlobal
